
Microsoft Visual Studio Solution File, Format Version 12.00
# Visual Studio Version 17
VisualStudioVersion = 17.4.33213.308
MinimumVisualStudioVersion = 10.0.40219.1
Project("{FAE04EC0-301F-11D3-BF4B-00C04F79EFBC}") = "ElectronicsShop.Web", "ElectronicsShop.Web\ElectronicsShop.Web.csproj", "{CFE38537-1259-4D21-8EC9-EFF57210B505}"
	ProjectSection(ProjectDependencies) = postProject
		{02A00F1A-46B5-471F-B7F3-DBDC78963B9C} = {02A00F1A-46B5-471F-B7F3-DBDC78963B9C}
		{3EFB33C2-0C10-4009-A704-5B1C6D6C0D21} = {3EFB33C2-0C10-4009-A704-5B1C6D6C0D21}
	EndProjectSection
EndProject
Project("{9A19103F-16F7-4668-BE54-9A1E7A4F7556}") = "ElectronicsShop.BusinessLogic", "ElectronicsShop.BusinessLogic\ElectronicsShop.BusinessLogic.csproj", "{02A00F1A-46B5-471F-B7F3-DBDC78963B9C}"
	ProjectSection(ProjectDependencies) = postProject
		{3EFB33C2-0C10-4009-A704-5B1C6D6C0D21} = {3EFB33C2-0C10-4009-A704-5B1C6D6C0D21}
		{CECE2817-3B29-4B75-8551-22D7C51019B8} = {CECE2817-3B29-4B75-8551-22D7C51019B8}
	EndProjectSection
EndProject
Project("{FAE04EC0-301F-11D3-BF4B-00C04F79EFBC}") = "ElectronicsShop.Domain", "ElectronicsShop.Domain\ElectronicsShop.Domain.csproj", "{3EFB33C2-0C10-4009-A704-5B1C6D6C0D21}"
	ProjectSection(ProjectDependencies) = postProject
		{CECE2817-3B29-4B75-8551-22D7C51019B8} = {CECE2817-3B29-4B75-8551-22D7C51019B8}
	EndProjectSection
EndProject
Project("{FAE04EC0-301F-11D3-BF4B-00C04F79EFBC}") = "ElectronicsShop.Helpers", "ElectronicsShop.Helpers\ElectronicsShop.Helpers.csproj", "{CECE2817-3B29-4B75-8551-22D7C51019B8}"
EndProject
Global
	GlobalSection(SolutionConfigurationPlatforms) = preSolution
		Debug|Any CPU = Debug|Any CPU
		Release|Any CPU = Release|Any CPU
	EndGlobalSection
	GlobalSection(ProjectConfigurationPlatforms) = postSolution
		{CFE38537-1259-4D21-8EC9-EFF57210B505}.Debug|Any CPU.ActiveCfg = Debug|Any CPU
		{CFE38537-1259-4D21-8EC9-EFF57210B505}.Debug|Any CPU.Build.0 = Debug|Any CPU
		{CFE38537-1259-4D21-8EC9-EFF57210B505}.Release|Any CPU.ActiveCfg = Release|Any CPU
		{CFE38537-1259-4D21-8EC9-EFF57210B505}.Release|Any CPU.Build.0 = Release|Any CPU
		{02A00F1A-46B5-471F-B7F3-DBDC78963B9C}.Debug|Any CPU.ActiveCfg = Debug|Any CPU
		{02A00F1A-46B5-471F-B7F3-DBDC78963B9C}.Debug|Any CPU.Build.0 = Debug|Any CPU
		{02A00F1A-46B5-471F-B7F3-DBDC78963B9C}.Release|Any CPU.ActiveCfg = Release|Any CPU
		{02A00F1A-46B5-471F-B7F3-DBDC78963B9C}.Release|Any CPU.Build.0 = Release|Any CPU
		{3EFB33C2-0C10-4009-A704-5B1C6D6C0D21}.Debug|Any CPU.ActiveCfg = Debug|Any CPU
		{3EFB33C2-0C10-4009-A704-5B1C6D6C0D21}.Debug|Any CPU.Build.0 = Debug|Any CPU
		{3EFB33C2-0C10-4009-A704-5B1C6D6C0D21}.Release|Any CPU.ActiveCfg = Release|Any CPU
		{3EFB33C2-0C10-4009-A704-5B1C6D6C0D21}.Release|Any CPU.Build.0 = Release|Any CPU
		{CECE2817-3B29-4B75-8551-22D7C51019B8}.Debug|Any CPU.ActiveCfg = Debug|Any CPU
		{CECE2817-3B29-4B75-8551-22D7C51019B8}.Debug|Any CPU.Build.0 = Debug|Any CPU
		{CECE2817-3B29-4B75-8551-22D7C51019B8}.Release|Any CPU.ActiveCfg = Release|Any CPU
		{CECE2817-3B29-4B75-8551-22D7C51019B8}.Release|Any CPU.Build.0 = Release|Any CPU
	EndGlobalSection
	GlobalSection(SolutionProperties) = preSolution
		HideSolutionNode = FALSE
	EndGlobalSection
	GlobalSection(ExtensibilityGlobals) = postSolution
		SolutionGuid = {6925409A-4586-4EC9-9069-C71E4982C55C}
	EndGlobalSection
EndGlobal
